// !$*UTF8*$!
{
	archiveVersion = 1;
	classes = {
	};
	objectVersion = 55;
	objects = {

/* Begin PBXBuildFile section */
		1302B8A627D28A38008E1055 /* OwnerPopupViewController.swift in Sources */ = {isa = PBXBuildFile; fileRef = 1302B8A527D28A38008E1055 /* OwnerPopupViewController.swift */; };
		1302B8A827D2A27B008E1055 /* OwnerPhotoCollectionViewCell.swift in Sources */ = {isa = PBXBuildFile; fileRef = 1302B8A727D2A27B008E1055 /* OwnerPhotoCollectionViewCell.swift */; };
		1307E6DB27701026000AA6FD /* TodoTableViewCell.swift in Sources */ = {isa = PBXBuildFile; fileRef = 1307E6D927701026000AA6FD /* TodoTableViewCell.swift */; };
		13BC19C627D138EA0037E146 /* UIImage+Extensions.swift in Sources */ = {isa = PBXBuildFile; fileRef = 13BC19C527D138EA0037E146 /* UIImage+Extensions.swift */; };
		13D23F28276EB59100869EBC /* TodoEntryViewController.swift in Sources */ = {isa = PBXBuildFile; fileRef = 13D23F27276EB59100869EBC /* TodoEntryViewController.swift */; };
		D821A6CD27E272D70020BD9E /* OwnerEntryFormViewController.swift in Sources */ = {isa = PBXBuildFile; fileRef = D821A6CC27E272D70020BD9E /* OwnerEntryFormViewController.swift */; };
		D821A6CF27E274390020BD9E /* UIButton+Extensions.swift in Sources */ = {isa = PBXBuildFile; fileRef = D821A6CE27E274390020BD9E /* UIButton+Extensions.swift */; };
		D83582602804BCCB00C3A0B7 /* OwnersTodoListTableViewController.swift in Sources */ = {isa = PBXBuildFile; fileRef = D835825F2804BCCB00C3A0B7 /* OwnersTodoListTableViewController.swift */; };
		D83582622804BD2600C3A0B7 /* OwnersTodoListCell.swift in Sources */ = {isa = PBXBuildFile; fileRef = D83582612804BD2600C3A0B7 /* OwnersTodoListCell.swift */; };
		D8B9617927DBF8330053C729 /* Person.swift in Sources */ = {isa = PBXBuildFile; fileRef = D8B9617827DBF8330053C729 /* Person.swift */; };
		D8DE3C6827DA8E34001C6870 /* OwnersTableViewController.swift in Sources */ = {isa = PBXBuildFile; fileRef = D8DE3C6727DA8E34001C6870 /* OwnersTableViewController.swift */; };
		D8DE3C6E27DA9007001C6870 /* OwnersTableViewCell.swift in Sources */ = {isa = PBXBuildFile; fileRef = D8DE3C6D27DA9007001C6870 /* OwnersTableViewCell.swift */; };
		EB202A2D2793570700DB1945 /* String+Extensions.swift in Sources */ = {isa = PBXBuildFile; fileRef = EB202A2C2793570700DB1945 /* String+Extensions.swift */; };
		EB292B84283083DB005F2583 /* Data+Extensions.swift in Sources */ = {isa = PBXBuildFile; fileRef = EB292B83283083DB005F2583 /* Data+Extensions.swift */; };
		EB292B8628317574005F2583 /* UIApplication+Extensions.swift in Sources */ = {isa = PBXBuildFile; fileRef = EB292B8528317574005F2583 /* UIApplication+Extensions.swift */; };
		EB29EDB0280B86ED006D9E03 /* TodoModel+CoreDataClass.swift in Sources */ = {isa = PBXBuildFile; fileRef = EB29EDAC280B86ED006D9E03 /* TodoModel+CoreDataClass.swift */; };
		EB29EDB1280B86ED006D9E03 /* TodoModel+CoreDataProperties.swift in Sources */ = {isa = PBXBuildFile; fileRef = EB29EDAD280B86ED006D9E03 /* TodoModel+CoreDataProperties.swift */; };
		EB29EDB2280B86ED006D9E03 /* PersonModel+CoreDataClass.swift in Sources */ = {isa = PBXBuildFile; fileRef = EB29EDAE280B86ED006D9E03 /* PersonModel+CoreDataClass.swift */; };
		EB29EDB3280B86ED006D9E03 /* PersonModel+CoreDataProperties.swift in Sources */ = {isa = PBXBuildFile; fileRef = EB29EDAF280B86ED006D9E03 /* PersonModel+CoreDataProperties.swift */; };
		EB29EDB9280B8A6F006D9E03 /* TodoContainer.xcdatamodeld in Sources */ = {isa = PBXBuildFile; fileRef = EB29EDB7280B8A6F006D9E03 /* TodoContainer.xcdatamodeld */; };
		EB5C4BFA277ADB140060255D /* Todo.swift in Sources */ = {isa = PBXBuildFile; fileRef = EB5C4BF9277ADB140060255D /* Todo.swift */; };
		EB5C4BFC277ADDA90060255D /* Date+Extensions.swift in Sources */ = {isa = PBXBuildFile; fileRef = EB5C4BFB277ADDA90060255D /* Date+Extensions.swift */; };
		EB5C4BFF277AE8CE0060255D /* UIColor+Extensions.swift in Sources */ = {isa = PBXBuildFile; fileRef = EB5C4BFE277AE8CE0060255D /* UIColor+Extensions.swift */; };
		EB5C4C01278567C50060255D /* UITextField+Extensions.swift in Sources */ = {isa = PBXBuildFile; fileRef = EB5C4C00278567C50060255D /* UITextField+Extensions.swift */; };
		EB7F2028276E8ECC00315C49 /* TodosViewController.swift in Sources */ = {isa = PBXBuildFile; fileRef = EB7F2027276E8ECC00315C49 /* TodosViewController.swift */; };
		EB9B4C4627F0D6940037AEC0 /* CircleImageView.swift in Sources */ = {isa = PBXBuildFile; fileRef = EB9B4C4527F0D6940037AEC0 /* CircleImageView.swift */; };
		EBAAF0462795F192002FBFF5 /* PersistenceManager.swift in Sources */ = {isa = PBXBuildFile; fileRef = EBAAF0452795F192002FBFF5 /* PersistenceManager.swift */; };
		EBAAF0482795FEC1002FBFF5 /* Array+Extensions.swift in Sources */ = {isa = PBXBuildFile; fileRef = EBAAF0472795FEC1002FBFF5 /* Array+Extensions.swift */; };
		EBB18C6F276BB6FE00483345 /* AppDelegate.swift in Sources */ = {isa = PBXBuildFile; fileRef = EBB18C6E276BB6FE00483345 /* AppDelegate.swift */; };
		EBB18C71276BB6FE00483345 /* SceneDelegate.swift in Sources */ = {isa = PBXBuildFile; fileRef = EBB18C70276BB6FE00483345 /* SceneDelegate.swift */; };
		EBB18C76276BB6FE00483345 /* Main.storyboard in Resources */ = {isa = PBXBuildFile; fileRef = EBB18C74276BB6FE00483345 /* Main.storyboard */; };
		EBB18C78276BB6FF00483345 /* Assets.xcassets in Resources */ = {isa = PBXBuildFile; fileRef = EBB18C77276BB6FF00483345 /* Assets.xcassets */; };
		EBB18C7B276BB6FF00483345 /* LaunchScreen.storyboard in Resources */ = {isa = PBXBuildFile; fileRef = EBB18C79276BB6FF00483345 /* LaunchScreen.storyboard */; };
/* End PBXBuildFile section */

/* Begin PBXFileReference section */
		1302B8A527D28A38008E1055 /* OwnerPopupViewController.swift */ = {isa = PBXFileReference; lastKnownFileType = sourcecode.swift; path = OwnerPopupViewController.swift; sourceTree = "<group>"; };
		1302B8A727D2A27B008E1055 /* OwnerPhotoCollectionViewCell.swift */ = {isa = PBXFileReference; lastKnownFileType = sourcecode.swift; path = OwnerPhotoCollectionViewCell.swift; sourceTree = "<group>"; };
		1307E6D927701026000AA6FD /* TodoTableViewCell.swift */ = {isa = PBXFileReference; lastKnownFileType = sourcecode.swift; path = TodoTableViewCell.swift; sourceTree = "<group>"; };
		13BC19C527D138EA0037E146 /* UIImage+Extensions.swift */ = {isa = PBXFileReference; lastKnownFileType = sourcecode.swift; path = "UIImage+Extensions.swift"; sourceTree = "<group>"; };
		13D23F27276EB59100869EBC /* TodoEntryViewController.swift */ = {isa = PBXFileReference; lastKnownFileType = sourcecode.swift; path = TodoEntryViewController.swift; sourceTree = "<group>"; };
		D821A6CC27E272D70020BD9E /* OwnerEntryFormViewController.swift */ = {isa = PBXFileReference; lastKnownFileType = sourcecode.swift; path = OwnerEntryFormViewController.swift; sourceTree = "<group>"; };
		D821A6CE27E274390020BD9E /* UIButton+Extensions.swift */ = {isa = PBXFileReference; lastKnownFileType = sourcecode.swift; path = "UIButton+Extensions.swift"; sourceTree = "<group>"; };
		D835825F2804BCCB00C3A0B7 /* OwnersTodoListTableViewController.swift */ = {isa = PBXFileReference; lastKnownFileType = sourcecode.swift; path = OwnersTodoListTableViewController.swift; sourceTree = "<group>"; };
		D83582612804BD2600C3A0B7 /* OwnersTodoListCell.swift */ = {isa = PBXFileReference; lastKnownFileType = sourcecode.swift; path = OwnersTodoListCell.swift; sourceTree = "<group>"; };
		D8B9617827DBF8330053C729 /* Person.swift */ = {isa = PBXFileReference; lastKnownFileType = sourcecode.swift; path = Person.swift; sourceTree = "<group>"; };
		D8DE3C6727DA8E34001C6870 /* OwnersTableViewController.swift */ = {isa = PBXFileReference; lastKnownFileType = sourcecode.swift; path = OwnersTableViewController.swift; sourceTree = "<group>"; };
		D8DE3C6927DA8FE4001C6870 /* ToDos-Bridging-Header.h */ = {isa = PBXFileReference; lastKnownFileType = sourcecode.c.h; path = "ToDos-Bridging-Header.h"; sourceTree = "<group>"; };
		D8DE3C6D27DA9007001C6870 /* OwnersTableViewCell.swift */ = {isa = PBXFileReference; lastKnownFileType = sourcecode.swift; path = OwnersTableViewCell.swift; sourceTree = "<group>"; };
		EB202A2C2793570700DB1945 /* String+Extensions.swift */ = {isa = PBXFileReference; lastKnownFileType = sourcecode.swift; path = "String+Extensions.swift"; sourceTree = "<group>"; };
		EB292B83283083DB005F2583 /* Data+Extensions.swift */ = {isa = PBXFileReference; lastKnownFileType = sourcecode.swift; path = "Data+Extensions.swift"; sourceTree = "<group>"; };
		EB292B8528317574005F2583 /* UIApplication+Extensions.swift */ = {isa = PBXFileReference; lastKnownFileType = sourcecode.swift; path = "UIApplication+Extensions.swift"; sourceTree = "<group>"; };
		EB29EDAC280B86ED006D9E03 /* TodoModel+CoreDataClass.swift */ = {isa = PBXFileReference; lastKnownFileType = sourcecode.swift; path = "TodoModel+CoreDataClass.swift"; sourceTree = "<group>"; };
		EB29EDAD280B86ED006D9E03 /* TodoModel+CoreDataProperties.swift */ = {isa = PBXFileReference; lastKnownFileType = sourcecode.swift; path = "TodoModel+CoreDataProperties.swift"; sourceTree = "<group>"; };
		EB29EDAE280B86ED006D9E03 /* PersonModel+CoreDataClass.swift */ = {isa = PBXFileReference; lastKnownFileType = sourcecode.swift; path = "PersonModel+CoreDataClass.swift"; sourceTree = "<group>"; };
		EB29EDAF280B86ED006D9E03 /* PersonModel+CoreDataProperties.swift */ = {isa = PBXFileReference; lastKnownFileType = sourcecode.swift; path = "PersonModel+CoreDataProperties.swift"; sourceTree = "<group>"; };
		EB29EDB8280B8A6F006D9E03 /* TodoContainer.xcdatamodel */ = {isa = PBXFileReference; lastKnownFileType = wrapper.xcdatamodel; path = TodoContainer.xcdatamodel; sourceTree = "<group>"; };
		EB5C4BF9277ADB140060255D /* Todo.swift */ = {isa = PBXFileReference; lastKnownFileType = sourcecode.swift; path = Todo.swift; sourceTree = "<group>"; };
		EB5C4BFB277ADDA90060255D /* Date+Extensions.swift */ = {isa = PBXFileReference; lastKnownFileType = sourcecode.swift; path = "Date+Extensions.swift"; sourceTree = "<group>"; };
		EB5C4BFE277AE8CE0060255D /* UIColor+Extensions.swift */ = {isa = PBXFileReference; lastKnownFileType = sourcecode.swift; path = "UIColor+Extensions.swift"; sourceTree = "<group>"; };
		EB5C4C00278567C50060255D /* UITextField+Extensions.swift */ = {isa = PBXFileReference; lastKnownFileType = sourcecode.swift; path = "UITextField+Extensions.swift"; sourceTree = "<group>"; };
		EB7F2027276E8ECC00315C49 /* TodosViewController.swift */ = {isa = PBXFileReference; lastKnownFileType = sourcecode.swift; path = TodosViewController.swift; sourceTree = "<group>"; };
		EB9B4C4527F0D6940037AEC0 /* CircleImageView.swift */ = {isa = PBXFileReference; lastKnownFileType = sourcecode.swift; path = CircleImageView.swift; sourceTree = "<group>"; };
		EBAAF0452795F192002FBFF5 /* PersistenceManager.swift */ = {isa = PBXFileReference; lastKnownFileType = sourcecode.swift; path = PersistenceManager.swift; sourceTree = "<group>"; };
		EBAAF0472795FEC1002FBFF5 /* Array+Extensions.swift */ = {isa = PBXFileReference; lastKnownFileType = sourcecode.swift; path = "Array+Extensions.swift"; sourceTree = "<group>"; };
		EBB18C6B276BB6FE00483345 /* ToDos.app */ = {isa = PBXFileReference; explicitFileType = wrapper.application; includeInIndex = 0; path = ToDos.app; sourceTree = BUILT_PRODUCTS_DIR; };
		EBB18C6E276BB6FE00483345 /* AppDelegate.swift */ = {isa = PBXFileReference; lastKnownFileType = sourcecode.swift; path = AppDelegate.swift; sourceTree = "<group>"; };
		EBB18C70276BB6FE00483345 /* SceneDelegate.swift */ = {isa = PBXFileReference; lastKnownFileType = sourcecode.swift; path = SceneDelegate.swift; sourceTree = "<group>"; };
		EBB18C75276BB6FE00483345 /* Base */ = {isa = PBXFileReference; lastKnownFileType = file.storyboard; name = Base; path = Base.lproj/Main.storyboard; sourceTree = "<group>"; };
		EBB18C77276BB6FF00483345 /* Assets.xcassets */ = {isa = PBXFileReference; lastKnownFileType = folder.assetcatalog; path = Assets.xcassets; sourceTree = "<group>"; };
		EBB18C7A276BB6FF00483345 /* Base */ = {isa = PBXFileReference; lastKnownFileType = file.storyboard; name = Base; path = Base.lproj/LaunchScreen.storyboard; sourceTree = "<group>"; };
		EBB18C7C276BB6FF00483345 /* Info.plist */ = {isa = PBXFileReference; lastKnownFileType = text.plist.xml; path = Info.plist; sourceTree = "<group>"; };
/* End PBXFileReference section */

/* Begin PBXFrameworksBuildPhase section */
		EBB18C68276BB6FE00483345 /* Frameworks */ = {
			isa = PBXFrameworksBuildPhase;
			buildActionMask = 2147483647;
			files = (
			);
			runOnlyForDeploymentPostprocessing = 0;
		};
/* End PBXFrameworksBuildPhase section */

/* Begin PBXGroup section */
		EB29EDBA280B9134006D9E03 /* Core Data */ = {
			isa = PBXGroup;
			children = (
				EB29EDAC280B86ED006D9E03 /* TodoModel+CoreDataClass.swift */,
				EB29EDAD280B86ED006D9E03 /* TodoModel+CoreDataProperties.swift */,
				EB29EDAE280B86ED006D9E03 /* PersonModel+CoreDataClass.swift */,
				EB29EDAF280B86ED006D9E03 /* PersonModel+CoreDataProperties.swift */,
				EB29EDB7280B8A6F006D9E03 /* TodoContainer.xcdatamodeld */,
				EBAAF0452795F192002FBFF5 /* PersistenceManager.swift */,
			);
			path = "Core Data";
			sourceTree = "<group>";
		};
		EB5C4BFD277AE8B60060255D /* Extensions */ = {
			isa = PBXGroup;
			children = (
				D821A6CE27E274390020BD9E /* UIButton+Extensions.swift */,
				EBAAF0472795FEC1002FBFF5 /* Array+Extensions.swift */,
				EB292B83283083DB005F2583 /* Data+Extensions.swift */,
				EB5C4BFB277ADDA90060255D /* Date+Extensions.swift */,
				EB202A2C2793570700DB1945 /* String+Extensions.swift */,
				EB5C4BFE277AE8CE0060255D /* UIColor+Extensions.swift */,
				EB5C4C00278567C50060255D /* UITextField+Extensions.swift */,
				13BC19C527D138EA0037E146 /* UIImage+Extensions.swift */,
				EB292B8528317574005F2583 /* UIApplication+Extensions.swift */,
			);
			path = Extensions;
			sourceTree = "<group>";
		};
		EBB18C62276BB6FE00483345 = {
			isa = PBXGroup;
			children = (
				EBB18C6D276BB6FE00483345 /* ToDos */,
				EBB18C6C276BB6FE00483345 /* Products */,
			);
			sourceTree = "<group>";
		};
		EBB18C6C276BB6FE00483345 /* Products */ = {
			isa = PBXGroup;
			children = (
				EBB18C6B276BB6FE00483345 /* ToDos.app */,
			);
			name = Products;
			sourceTree = "<group>";
		};
		EBB18C6D276BB6FE00483345 /* ToDos */ = {
			isa = PBXGroup;
			children = (
				EB29EDBA280B9134006D9E03 /* Core Data */,
				EBB18C6E276BB6FE00483345 /* AppDelegate.swift */,
				EBB18C70276BB6FE00483345 /* SceneDelegate.swift */,
				EB5C4BF9277ADB140060255D /* Todo.swift */,
				D8B9617827DBF8330053C729 /* Person.swift */,
				EB9B4C4527F0D6940037AEC0 /* CircleImageView.swift */,
				EB5C4BFD277AE8B60060255D /* Extensions */,
				EB7F2027276E8ECC00315C49 /* TodosViewController.swift */,
				13D23F27276EB59100869EBC /* TodoEntryViewController.swift */,
				1307E6D927701026000AA6FD /* TodoTableViewCell.swift */,
				1302B8A527D28A38008E1055 /* OwnerPopupViewController.swift */,
				1302B8A727D2A27B008E1055 /* OwnerPhotoCollectionViewCell.swift */,
				D8DE3C6727DA8E34001C6870 /* OwnersTableViewController.swift */,
				D821A6CC27E272D70020BD9E /* OwnerEntryFormViewController.swift */,
				D8DE3C6D27DA9007001C6870 /* OwnersTableViewCell.swift */,
				D835825F2804BCCB00C3A0B7 /* OwnersTodoListTableViewController.swift */,
				D83582612804BD2600C3A0B7 /* OwnersTodoListCell.swift */,
				EBB18C74276BB6FE00483345 /* Main.storyboard */,
				EBB18C77276BB6FF00483345 /* Assets.xcassets */,
				EBB18C79276BB6FF00483345 /* LaunchScreen.storyboard */,
				EBB18C7C276BB6FF00483345 /* Info.plist */,
				D8DE3C6927DA8FE4001C6870 /* ToDos-Bridging-Header.h */,
			);
			path = ToDos;
			sourceTree = "<group>";
		};
/* End PBXGroup section */

/* Begin PBXNativeTarget section */
		EBB18C6A276BB6FE00483345 /* ToDos */ = {
			isa = PBXNativeTarget;
			buildConfigurationList = EBB18C7F276BB6FF00483345 /* Build configuration list for PBXNativeTarget "ToDos" */;
			buildPhases = (
				EBB18C67276BB6FE00483345 /* Sources */,
				EBB18C68276BB6FE00483345 /* Frameworks */,
				EBB18C69276BB6FE00483345 /* Resources */,
			);
			buildRules = (
			);
			dependencies = (
			);
			name = ToDos;
			productName = ToDos;
			productReference = EBB18C6B276BB6FE00483345 /* ToDos.app */;
			productType = "com.apple.product-type.application";
		};
/* End PBXNativeTarget section */

/* Begin PBXProject section */
		EBB18C63276BB6FE00483345 /* Project object */ = {
			isa = PBXProject;
			attributes = {
				BuildIndependentTargetsInParallel = 1;
				LastSwiftUpdateCheck = 1320;
				LastUpgradeCheck = 1320;
				TargetAttributes = {
					EBB18C6A276BB6FE00483345 = {
						CreatedOnToolsVersion = 13.2;
						LastSwiftMigration = 1320;
					};
				};
			};
			buildConfigurationList = EBB18C66276BB6FE00483345 /* Build configuration list for PBXProject "ToDos" */;
			compatibilityVersion = "Xcode 13.0";
			developmentRegion = en;
			hasScannedForEncodings = 0;
			knownRegions = (
				en,
				Base,
			);
			mainGroup = EBB18C62276BB6FE00483345;
			productRefGroup = EBB18C6C276BB6FE00483345 /* Products */;
			projectDirPath = "";
			projectRoot = "";
			targets = (
				EBB18C6A276BB6FE00483345 /* ToDos */,
			);
		};
/* End PBXProject section */

/* Begin PBXResourcesBuildPhase section */
		EBB18C69276BB6FE00483345 /* Resources */ = {
			isa = PBXResourcesBuildPhase;
			buildActionMask = 2147483647;
			files = (
				EBB18C7B276BB6FF00483345 /* LaunchScreen.storyboard in Resources */,
				EBB18C78276BB6FF00483345 /* Assets.xcassets in Resources */,
				EBB18C76276BB6FE00483345 /* Main.storyboard in Resources */,
			);
			runOnlyForDeploymentPostprocessing = 0;
		};
/* End PBXResourcesBuildPhase section */

/* Begin PBXSourcesBuildPhase section */
		EBB18C67276BB6FE00483345 /* Sources */ = {
			isa = PBXSourcesBuildPhase;
			buildActionMask = 2147483647;
			files = (
				D8DE3C6E27DA9007001C6870 /* OwnersTableViewCell.swift in Sources */,
				D821A6CF27E274390020BD9E /* UIButton+Extensions.swift in Sources */,
				D83582602804BCCB00C3A0B7 /* OwnersTodoListTableViewController.swift in Sources */,
				EB202A2D2793570700DB1945 /* String+Extensions.swift in Sources */,
				EB9B4C4627F0D6940037AEC0 /* CircleImageView.swift in Sources */,
				1307E6DB27701026000AA6FD /* TodoTableViewCell.swift in Sources */,
				EB5C4BFA277ADB140060255D /* Todo.swift in Sources */,
				EB5C4BFC277ADDA90060255D /* Date+Extensions.swift in Sources */,
				EB29EDB3280B86ED006D9E03 /* PersonModel+CoreDataProperties.swift in Sources */,
				EB29EDB9280B8A6F006D9E03 /* TodoContainer.xcdatamodeld in Sources */,
				EB5C4BFF277AE8CE0060255D /* UIColor+Extensions.swift in Sources */,
				EB29EDB0280B86ED006D9E03 /* TodoModel+CoreDataClass.swift in Sources */,
				EBB18C6F276BB6FE00483345 /* AppDelegate.swift in Sources */,
				EB29EDB1280B86ED006D9E03 /* TodoModel+CoreDataProperties.swift in Sources */,
				EB292B84283083DB005F2583 /* Data+Extensions.swift in Sources */,
				13D23F28276EB59100869EBC /* TodoEntryViewController.swift in Sources */,
				EBAAF0482795FEC1002FBFF5 /* Array+Extensions.swift in Sources */,
				EB5C4C01278567C50060255D /* UITextField+Extensions.swift in Sources */,
				EB7F2028276E8ECC00315C49 /* TodosViewController.swift in Sources */,
				EBAAF0462795F192002FBFF5 /* PersistenceManager.swift in Sources */,
				EB292B8628317574005F2583 /* UIApplication+Extensions.swift in Sources */,
				D8DE3C6827DA8E34001C6870 /* OwnersTableViewController.swift in Sources */,
				1302B8A627D28A38008E1055 /* OwnerPopupViewController.swift in Sources */,
				1302B8A827D2A27B008E1055 /* OwnerPhotoCollectionViewCell.swift in Sources */,
				D8B9617927DBF8330053C729 /* Person.swift in Sources */,
				D821A6CD27E272D70020BD9E /* OwnerEntryFormViewController.swift in Sources */,
				EBB18C71276BB6FE00483345 /* SceneDelegate.swift in Sources */,
				13BC19C627D138EA0037E146 /* UIImage+Extensions.swift in Sources */,
				D83582622804BD2600C3A0B7 /* OwnersTodoListCell.swift in Sources */,
				EB29EDB2280B86ED006D9E03 /* PersonModel+CoreDataClass.swift in Sources */,
			);
			runOnlyForDeploymentPostprocessing = 0;
		};
/* End PBXSourcesBuildPhase section */

/* Begin PBXVariantGroup section */
		EBB18C74276BB6FE00483345 /* Main.storyboard */ = {
			isa = PBXVariantGroup;
			children = (
				EBB18C75276BB6FE00483345 /* Base */,
			);
			name = Main.storyboard;
			sourceTree = "<group>";
		};
		EBB18C79276BB6FF00483345 /* LaunchScreen.storyboard */ = {
			isa = PBXVariantGroup;
			children = (
				EBB18C7A276BB6FF00483345 /* Base */,
			);
			name = LaunchScreen.storyboard;
			sourceTree = "<group>";
		};
/* End PBXVariantGroup section */

/* Begin XCBuildConfiguration section */
		EBB18C7D276BB6FF00483345 /* Debug */ = {
			isa = XCBuildConfiguration;
			buildSettings = {
				ALWAYS_SEARCH_USER_PATHS = NO;
				CLANG_ANALYZER_NONNULL = YES;
				CLANG_ANALYZER_NUMBER_OBJECT_CONVERSION = YES_AGGRESSIVE;
				CLANG_CXX_LANGUAGE_STANDARD = "gnu++17";
				CLANG_CXX_LIBRARY = "libc++";
				CLANG_ENABLE_MODULES = YES;
				CLANG_ENABLE_OBJC_ARC = YES;
				CLANG_ENABLE_OBJC_WEAK = YES;
				CLANG_WARN_BLOCK_CAPTURE_AUTORELEASING = YES;
				CLANG_WARN_BOOL_CONVERSION = YES;
				CLANG_WARN_COMMA = YES;
				CLANG_WARN_CONSTANT_CONVERSION = YES;
				CLANG_WARN_DEPRECATED_OBJC_IMPLEMENTATIONS = YES;
				CLANG_WARN_DIRECT_OBJC_ISA_USAGE = YES_ERROR;
				CLANG_WARN_DOCUMENTATION_COMMENTS = YES;
				CLANG_WARN_EMPTY_BODY = YES;
				CLANG_WARN_ENUM_CONVERSION = YES;
				CLANG_WARN_INFINITE_RECURSION = YES;
				CLANG_WARN_INT_CONVERSION = YES;
				CLANG_WARN_NON_LITERAL_NULL_CONVERSION = YES;
				CLANG_WARN_OBJC_IMPLICIT_RETAIN_SELF = YES;
				CLANG_WARN_OBJC_LITERAL_CONVERSION = YES;
				CLANG_WARN_OBJC_ROOT_CLASS = YES_ERROR;
				CLANG_WARN_QUOTED_INCLUDE_IN_FRAMEWORK_HEADER = YES;
				CLANG_WARN_RANGE_LOOP_ANALYSIS = YES;
				CLANG_WARN_STRICT_PROTOTYPES = YES;
				CLANG_WARN_SUSPICIOUS_MOVE = YES;
				CLANG_WARN_UNGUARDED_AVAILABILITY = YES_AGGRESSIVE;
				CLANG_WARN_UNREACHABLE_CODE = YES;
				CLANG_WARN__DUPLICATE_METHOD_MATCH = YES;
				COPY_PHASE_STRIP = NO;
				DEBUG_INFORMATION_FORMAT = dwarf;
				ENABLE_STRICT_OBJC_MSGSEND = YES;
				ENABLE_TESTABILITY = YES;
				GCC_C_LANGUAGE_STANDARD = gnu11;
				GCC_DYNAMIC_NO_PIC = NO;
				GCC_NO_COMMON_BLOCKS = YES;
				GCC_OPTIMIZATION_LEVEL = 0;
				GCC_PREPROCESSOR_DEFINITIONS = (
					"DEBUG=1",
					"$(inherited)",
				);
				GCC_WARN_64_TO_32_BIT_CONVERSION = YES;
				GCC_WARN_ABOUT_RETURN_TYPE = YES_ERROR;
				GCC_WARN_UNDECLARED_SELECTOR = YES;
				GCC_WARN_UNINITIALIZED_AUTOS = YES_AGGRESSIVE;
				GCC_WARN_UNUSED_FUNCTION = YES;
				GCC_WARN_UNUSED_VARIABLE = YES;
				IPHONEOS_DEPLOYMENT_TARGET = 15.2;
				MTL_ENABLE_DEBUG_INFO = INCLUDE_SOURCE;
				MTL_FAST_MATH = YES;
				ONLY_ACTIVE_ARCH = YES;
				SDKROOT = iphoneos;
				SWIFT_ACTIVE_COMPILATION_CONDITIONS = DEBUG;
				SWIFT_OPTIMIZATION_LEVEL = "-Onone";
			};
			name = Debug;
		};
		EBB18C7E276BB6FF00483345 /* Release */ = {
			isa = XCBuildConfiguration;
			buildSettings = {
				ALWAYS_SEARCH_USER_PATHS = NO;
				CLANG_ANALYZER_NONNULL = YES;
				CLANG_ANALYZER_NUMBER_OBJECT_CONVERSION = YES_AGGRESSIVE;
				CLANG_CXX_LANGUAGE_STANDARD = "gnu++17";
				CLANG_CXX_LIBRARY = "libc++";
				CLANG_ENABLE_MODULES = YES;
				CLANG_ENABLE_OBJC_ARC = YES;
				CLANG_ENABLE_OBJC_WEAK = YES;
				CLANG_WARN_BLOCK_CAPTURE_AUTORELEASING = YES;
				CLANG_WARN_BOOL_CONVERSION = YES;
				CLANG_WARN_COMMA = YES;
				CLANG_WARN_CONSTANT_CONVERSION = YES;
				CLANG_WARN_DEPRECATED_OBJC_IMPLEMENTATIONS = YES;
				CLANG_WARN_DIRECT_OBJC_ISA_USAGE = YES_ERROR;
				CLANG_WARN_DOCUMENTATION_COMMENTS = YES;
				CLANG_WARN_EMPTY_BODY = YES;
				CLANG_WARN_ENUM_CONVERSION = YES;
				CLANG_WARN_INFINITE_RECURSION = YES;
				CLANG_WARN_INT_CONVERSION = YES;
				CLANG_WARN_NON_LITERAL_NULL_CONVERSION = YES;
				CLANG_WARN_OBJC_IMPLICIT_RETAIN_SELF = YES;
				CLANG_WARN_OBJC_LITERAL_CONVERSION = YES;
				CLANG_WARN_OBJC_ROOT_CLASS = YES_ERROR;
				CLANG_WARN_QUOTED_INCLUDE_IN_FRAMEWORK_HEADER = YES;
				CLANG_WARN_RANGE_LOOP_ANALYSIS = YES;
				CLANG_WARN_STRICT_PROTOTYPES = YES;
				CLANG_WARN_SUSPICIOUS_MOVE = YES;
				CLANG_WARN_UNGUARDED_AVAILABILITY = YES_AGGRESSIVE;
				CLANG_WARN_UNREACHABLE_CODE = YES;
				CLANG_WARN__DUPLICATE_METHOD_MATCH = YES;
				COPY_PHASE_STRIP = NO;
				DEBUG_INFORMATION_FORMAT = "dwarf-with-dsym";
				ENABLE_NS_ASSERTIONS = NO;
				ENABLE_STRICT_OBJC_MSGSEND = YES;
				GCC_C_LANGUAGE_STANDARD = gnu11;
				GCC_NO_COMMON_BLOCKS = YES;
				GCC_WARN_64_TO_32_BIT_CONVERSION = YES;
				GCC_WARN_ABOUT_RETURN_TYPE = YES_ERROR;
				GCC_WARN_UNDECLARED_SELECTOR = YES;
				GCC_WARN_UNINITIALIZED_AUTOS = YES_AGGRESSIVE;
				GCC_WARN_UNUSED_FUNCTION = YES;
				GCC_WARN_UNUSED_VARIABLE = YES;
				IPHONEOS_DEPLOYMENT_TARGET = 15.2;
				MTL_ENABLE_DEBUG_INFO = NO;
				MTL_FAST_MATH = YES;
				SDKROOT = iphoneos;
				SWIFT_COMPILATION_MODE = wholemodule;
				SWIFT_OPTIMIZATION_LEVEL = "-O";
				VALIDATE_PRODUCT = YES;
			};
			name = Release;
		};
		EBB18C80276BB6FF00483345 /* Debug */ = {
			isa = XCBuildConfiguration;
			buildSettings = {
				ASSETCATALOG_COMPILER_APPICON_NAME = AppIcon;
				ASSETCATALOG_COMPILER_GLOBAL_ACCENT_COLOR_NAME = AccentColor;
				CLANG_ENABLE_MODULES = YES;
				CODE_SIGN_STYLE = Automatic;
				CURRENT_PROJECT_VERSION = 1;
				DEVELOPMENT_TEAM = 6X85PLZ26L;
				GENERATE_INFOPLIST_FILE = YES;
				INFOPLIST_FILE = ToDos/Info.plist;
				INFOPLIST_KEY_NSCameraUsageDescription = "Please allow access to your camera.";
				INFOPLIST_KEY_NSPhotoLibraryUsageDescription = "please allow access to you photo library.";
				INFOPLIST_KEY_UIApplicationSupportsIndirectInputEvents = YES;
				INFOPLIST_KEY_UILaunchStoryboardName = LaunchScreen;
				INFOPLIST_KEY_UIMainStoryboardFile = Main;
				INFOPLIST_KEY_UISupportedInterfaceOrientations_iPad = "UIInterfaceOrientationPortrait UIInterfaceOrientationPortraitUpsideDown UIInterfaceOrientationLandscapeLeft UIInterfaceOrientationLandscapeRight";
				INFOPLIST_KEY_UISupportedInterfaceOrientations_iPhone = "UIInterfaceOrientationPortrait UIInterfaceOrientationLandscapeLeft UIInterfaceOrientationLandscapeRight";
				INFOPLIST_KEY_UIUserInterfaceStyle = Light;
				IPHONEOS_DEPLOYMENT_TARGET = 15.0;
				LD_RUNPATH_SEARCH_PATHS = (
					"$(inherited)",
					"@executable_path/Frameworks",
				);
				MARKETING_VERSION = 1.0;
				PRODUCT_BUNDLE_IDENTIFIER = com.98chimp;
				PRODUCT_NAME = "$(TARGET_NAME)";
				SWIFT_EMIT_LOC_STRINGS = YES;
				SWIFT_OBJC_BRIDGING_HEADER = "ToDos/ToDos-Bridging-Header.h";
				SWIFT_OPTIMIZATION_LEVEL = "-Onone";
				SWIFT_VERSION = 5.0;
				TARGETED_DEVICE_FAMILY = "1,2";
			};
			name = Debug;
		};
		EBB18C81276BB6FF00483345 /* Release */ = {
			isa = XCBuildConfiguration;
			buildSettings = {
				ASSETCATALOG_COMPILER_APPICON_NAME = AppIcon;
				ASSETCATALOG_COMPILER_GLOBAL_ACCENT_COLOR_NAME = AccentColor;
				CLANG_ENABLE_MODULES = YES;
				CODE_SIGN_STYLE = Automatic;
				CURRENT_PROJECT_VERSION = 1;
				DEVELOPMENT_TEAM = 6X85PLZ26L;
				GENERATE_INFOPLIST_FILE = YES;
				INFOPLIST_FILE = ToDos/Info.plist;
				INFOPLIST_KEY_NSCameraUsageDescription = "Please allow access to your camera.";
				INFOPLIST_KEY_NSPhotoLibraryUsageDescription = "please allow access to you photo library.";
				INFOPLIST_KEY_UIApplicationSupportsIndirectInputEvents = YES;
				INFOPLIST_KEY_UILaunchStoryboardName = LaunchScreen;
				INFOPLIST_KEY_UIMainStoryboardFile = Main;
				INFOPLIST_KEY_UISupportedInterfaceOrientations_iPad = "UIInterfaceOrientationPortrait UIInterfaceOrientationPortraitUpsideDown UIInterfaceOrientationLandscapeLeft UIInterfaceOrientationLandscapeRight";
				INFOPLIST_KEY_UISupportedInterfaceOrientations_iPhone = "UIInterfaceOrientationPortrait UIInterfaceOrientationLandscapeLeft UIInterfaceOrientationLandscapeRight";
				INFOPLIST_KEY_UIUserInterfaceStyle = Light;
				IPHONEOS_DEPLOYMENT_TARGET = 15.0;
				LD_RUNPATH_SEARCH_PATHS = (
					"$(inherited)",
					"@executable_path/Frameworks",
				);
				MARKETING_VERSION = 1.0;
				PRODUCT_BUNDLE_IDENTIFIER = com.98chimp;
				PRODUCT_NAME = "$(TARGET_NAME)";
				SWIFT_EMIT_LOC_STRINGS = YES;
				SWIFT_OBJC_BRIDGING_HEADER = "ToDos/ToDos-Bridging-Header.h";
				SWIFT_VERSION = 5.0;
				TARGETED_DEVICE_FAMILY = "1,2";
			};
			name = Release;
		};
/* End XCBuildConfiguration section */

/* Begin XCConfigurationList section */
		EBB18C66276BB6FE00483345 /* Build configuration list for PBXProject "ToDos" */ = {
			isa = XCConfigurationList;
			buildConfigurations = (
				EBB18C7D276BB6FF00483345 /* Debug */,
				EBB18C7E276BB6FF00483345 /* Release */,
			);
			defaultConfigurationIsVisible = 0;
			defaultConfigurationName = Release;
		};
		EBB18C7F276BB6FF00483345 /* Build configuration list for PBXNativeTarget "ToDos" */ = {
			isa = XCConfigurationList;
			buildConfigurations = (
				EBB18C80276BB6FF00483345 /* Debug */,
				EBB18C81276BB6FF00483345 /* Release */,
			);
			defaultConfigurationIsVisible = 0;
			defaultConfigurationName = Release;
		};
/* End XCConfigurationList section */

/* Begin XCVersionGroup section */
		EB29EDB7280B8A6F006D9E03 /* TodoContainer.xcdatamodeld */ = {
			isa = XCVersionGroup;
			children = (
				EB29EDB8280B8A6F006D9E03 /* TodoContainer.xcdatamodel */,
			);
			currentVersion = EB29EDB8280B8A6F006D9E03 /* TodoContainer.xcdatamodel */;
			path = TodoContainer.xcdatamodeld;
			sourceTree = "<group>";
			versionGroupType = wrapper.xcdatamodel;
		};
/* End XCVersionGroup section */
	};
	rootObject = EBB18C63276BB6FE00483345 /* Project object */;
}
